// !$*UTF8*$!
{
	archiveVersion = 1;
	classes = {
	};
	objectVersion = 56;
	objects = {

/* Begin PBXBuildFile section */
		2D69DFB52B1B6EBF00A69B22 /* Float+randomTests.swift in Sources */ = {isa = PBXBuildFile; fileRef = 2D69DFB42B1B6EBF00A69B22 /* Float+randomTests.swift */; };
		2D9CB3352B1A2ADB003734C2 /* Float+random.swift in Sources */ = {isa = PBXBuildFile; fileRef = 2D9CB3342B1A2ADB003734C2 /* Float+random.swift */; };
		2DBB55782B193D1D00395026 /* Int+random.swift in Sources */ = {isa = PBXBuildFile; fileRef = 2DBB55772B193D1D00395026 /* Int+random.swift */; };
		2DBB557A2B1941E200395026 /* Int+randomTests.swift in Sources */ = {isa = PBXBuildFile; fileRef = 2DBB55792B1941E200395026 /* Int+randomTests.swift */; };
		6B050C5D29A1108600498782 /* BasicsKit.docc in Sources */ = {isa = PBXBuildFile; fileRef = 6B050C5C29A1108600498782 /* BasicsKit.docc */; };
		6B050C6329A1108600498782 /* BasicsKit.framework in Frameworks */ = {isa = PBXBuildFile; fileRef = 6B050C5829A1108600498782 /* BasicsKit.framework */; };
		6B050C6929A1108600498782 /* BasicsKit.h in Headers */ = {isa = PBXBuildFile; fileRef = 6B050C5B29A1108600498782 /* BasicsKit.h */; settings = {ATTRIBUTES = (Public, ); }; };
		6B050C7429A1138A00498782 /* Int+asString.swift in Sources */ = {isa = PBXBuildFile; fileRef = 6B050C7329A1138A00498782 /* Int+asString.swift */; };
		6B050C7629A113C700498782 /* Int+asStringTests.swift in Sources */ = {isa = PBXBuildFile; fileRef = 6B050C7529A113C700498782 /* Int+asStringTests.swift */; };
		6B050C7A29A116B900498782 /* Double+asString.swift in Sources */ = {isa = PBXBuildFile; fileRef = 6B050C7929A116B900498782 /* Double+asString.swift */; };
		6B050C7D29A116E100498782 /* Double+asStringTests.swift in Sources */ = {isa = PBXBuildFile; fileRef = 6B050C7C29A116E100498782 /* Double+asStringTests.swift */; };
		6B050C8029A117BE00498782 /* Float+asString.swift in Sources */ = {isa = PBXBuildFile; fileRef = 6B050C7F29A117BE00498782 /* Float+asString.swift */; };
		6B050C8329A117F100498782 /* Float+asStringTests.swift in Sources */ = {isa = PBXBuildFile; fileRef = 6B050C8229A117F100498782 /* Float+asStringTests.swift */; };
		6B050C8629A11A6100498782 /* String+asInt.swift in Sources */ = {isa = PBXBuildFile; fileRef = 6B050C8529A11A6100498782 /* String+asInt.swift */; };
		6B050C8929A11B4E00498782 /* String+asIntTests.swift in Sources */ = {isa = PBXBuildFile; fileRef = 6B050C8829A11B4E00498782 /* String+asIntTests.swift */; };
		6B050C8B29A1231600498782 /* String+asDouble.swift in Sources */ = {isa = PBXBuildFile; fileRef = 6B050C8A29A1231600498782 /* String+asDouble.swift */; };
		6B050C8D29A1231F00498782 /* String+asDoubleTests.swift in Sources */ = {isa = PBXBuildFile; fileRef = 6B050C8C29A1231F00498782 /* String+asDoubleTests.swift */; };
		6B050C9029A282B500498782 /* String+asFloat.swift in Sources */ = {isa = PBXBuildFile; fileRef = 6B050C8F29A282B500498782 /* String+asFloat.swift */; };
		6B050C9229A2835100498782 /* String+asFloatTests.swift in Sources */ = {isa = PBXBuildFile; fileRef = 6B050C9129A2835100498782 /* String+asFloatTests.swift */; };
		6B231BF929A2FA06003AB518 /* Double+asInt.swift in Sources */ = {isa = PBXBuildFile; fileRef = 6B231BF829A2FA06003AB518 /* Double+asInt.swift */; };
		6B231BFB29A2FA6E003AB518 /* Double+asIntTests.swift in Sources */ = {isa = PBXBuildFile; fileRef = 6B231BFA29A2FA6E003AB518 /* Double+asIntTests.swift */; };
		6B231BFD29A2FD0D003AB518 /* Double+asFloat.swift in Sources */ = {isa = PBXBuildFile; fileRef = 6B231BFC29A2FD0D003AB518 /* Double+asFloat.swift */; };
		6B231BFF29A39A5B003AB518 /* Double+asFloatTests.swift in Sources */ = {isa = PBXBuildFile; fileRef = 6B231BFE29A39A5B003AB518 /* Double+asFloatTests.swift */; };
		6B231C0129A39E7A003AB518 /* Int+asDouble.swift in Sources */ = {isa = PBXBuildFile; fileRef = 6B231C0029A39E7A003AB518 /* Int+asDouble.swift */; };
		6B231C0329A39EB8003AB518 /* Int+asDoubleTests.swift in Sources */ = {isa = PBXBuildFile; fileRef = 6B231C0229A39EB8003AB518 /* Int+asDoubleTests.swift */; };
		6B231C0529A3A386003AB518 /* Int+asFloat.swift in Sources */ = {isa = PBXBuildFile; fileRef = 6B231C0429A3A386003AB518 /* Int+asFloat.swift */; };
		6B231C0729A3A3B1003AB518 /* Int+asFloatTests.swift in Sources */ = {isa = PBXBuildFile; fileRef = 6B231C0629A3A3B1003AB518 /* Int+asFloatTests.swift */; };
		6B231C0929A3A455003AB518 /* Float+asDouble.swift in Sources */ = {isa = PBXBuildFile; fileRef = 6B231C0829A3A455003AB518 /* Float+asDouble.swift */; };
		6B231C0B29A3A4A4003AB518 /* Float+asDoubleTests.swift in Sources */ = {isa = PBXBuildFile; fileRef = 6B231C0A29A3A4A4003AB518 /* Float+asDoubleTests.swift */; };
		6B231C0D29A3A5F0003AB518 /* Float+asInt.swift in Sources */ = {isa = PBXBuildFile; fileRef = 6B231C0C29A3A5F0003AB518 /* Float+asInt.swift */; };
		6B231C0F29A3A63B003AB518 /* Float+asIntTests.swift in Sources */ = {isa = PBXBuildFile; fileRef = 6B231C0E29A3A63B003AB518 /* Float+asIntTests.swift */; };
		6B23F1B42A339327005CAE71 /* String+random.swift in Sources */ = {isa = PBXBuildFile; fileRef = 6B23F1B32A339327005CAE71 /* String+random.swift */; };
		6B23F1B62A339561005CAE71 /* String+randomTests.swift in Sources */ = {isa = PBXBuildFile; fileRef = 6B23F1B52A339561005CAE71 /* String+randomTests.swift */; };
		6B69353729A55E80003AC72D /* String+orEmpty.swift in Sources */ = {isa = PBXBuildFile; fileRef = 6B69353629A55E80003AC72D /* String+orEmpty.swift */; };
		6B69353929A55FD4003AC72D /* String+orEmptyTests.swift in Sources */ = {isa = PBXBuildFile; fileRef = 6B69353829A55FD4003AC72D /* String+orEmptyTests.swift */; };
		6B69353B29A56149003AC72D /* Int+orZero.swift in Sources */ = {isa = PBXBuildFile; fileRef = 6B69353A29A56149003AC72D /* Int+orZero.swift */; };
		6B69353D29A5627E003AC72D /* Int+orZeroTests.swift in Sources */ = {isa = PBXBuildFile; fileRef = 6B69353C29A5627E003AC72D /* Int+orZeroTests.swift */; };
		6B69353F29A56350003AC72D /* Float+orZero.swift in Sources */ = {isa = PBXBuildFile; fileRef = 6B69353E29A56350003AC72D /* Float+orZero.swift */; };
		6B69354129A56445003AC72D /* Float+orZeroTests.swift in Sources */ = {isa = PBXBuildFile; fileRef = 6B69354029A56445003AC72D /* Float+orZeroTests.swift */; };
		6B69354329A5650F003AC72D /* Double+orZero.swift in Sources */ = {isa = PBXBuildFile; fileRef = 6B69354229A5650F003AC72D /* Double+orZero.swift */; };
		6B69354529A565C8003AC72D /* Double+orZeroTests.swift in Sources */ = {isa = PBXBuildFile; fileRef = 6B69354429A565C8003AC72D /* Double+orZeroTests.swift */; };
		6B69354729A569FE003AC72D /* String+onlyNumbers.swift in Sources */ = {isa = PBXBuildFile; fileRef = 6B69354629A569FE003AC72D /* String+onlyNumbers.swift */; };
		6B69354929A56AE2003AC72D /* String+onlyNumbers.swift in Sources */ = {isa = PBXBuildFile; fileRef = 6B69354829A56AE1003AC72D /* String+onlyNumbers.swift */; };
		6B69354B29A56C31003AC72D /* String+removeNumbers.swift in Sources */ = {isa = PBXBuildFile; fileRef = 6B69354A29A56C31003AC72D /* String+removeNumbers.swift */; };
		6B69354D29A56C67003AC72D /* String+removeNumbersTests.swift in Sources */ = {isa = PBXBuildFile; fileRef = 6B69354C29A56C67003AC72D /* String+removeNumbersTests.swift */; };
/* End PBXBuildFile section */

/* Begin PBXContainerItemProxy section */
		6B050C6429A1108600498782 /* PBXContainerItemProxy */ = {
			isa = PBXContainerItemProxy;
			containerPortal = 6B050C4F29A1108600498782 /* Project object */;
			proxyType = 1;
			remoteGlobalIDString = 6B050C5729A1108600498782;
			remoteInfo = BasicsKit;
		};
/* End PBXContainerItemProxy section */

/* Begin PBXFileReference section */
		2D69DFB42B1B6EBF00A69B22 /* Float+randomTests.swift */ = {isa = PBXFileReference; lastKnownFileType = sourcecode.swift; path = "Float+randomTests.swift"; sourceTree = "<group>"; };
		2D9CB3342B1A2ADB003734C2 /* Float+random.swift */ = {isa = PBXFileReference; lastKnownFileType = sourcecode.swift; path = "Float+random.swift"; sourceTree = "<group>"; };
		2DBB55772B193D1D00395026 /* Int+random.swift */ = {isa = PBXFileReference; lastKnownFileType = sourcecode.swift; path = "Int+random.swift"; sourceTree = "<group>"; };
		2DBB55792B1941E200395026 /* Int+randomTests.swift */ = {isa = PBXFileReference; lastKnownFileType = sourcecode.swift; path = "Int+randomTests.swift"; sourceTree = "<group>"; };
		6B050C5829A1108600498782 /* BasicsKit.framework */ = {isa = PBXFileReference; explicitFileType = wrapper.framework; includeInIndex = 0; path = BasicsKit.framework; sourceTree = BUILT_PRODUCTS_DIR; };
		6B050C5B29A1108600498782 /* BasicsKit.h */ = {isa = PBXFileReference; lastKnownFileType = sourcecode.c.h; path = BasicsKit.h; sourceTree = "<group>"; };
		6B050C5C29A1108600498782 /* BasicsKit.docc */ = {isa = PBXFileReference; lastKnownFileType = folder.documentationcatalog; path = BasicsKit.docc; sourceTree = "<group>"; };
		6B050C6229A1108600498782 /* BasicsKitTests.xctest */ = {isa = PBXFileReference; explicitFileType = wrapper.cfbundle; includeInIndex = 0; path = BasicsKitTests.xctest; sourceTree = BUILT_PRODUCTS_DIR; };
		6B050C7329A1138A00498782 /* Int+asString.swift */ = {isa = PBXFileReference; lastKnownFileType = sourcecode.swift; path = "Int+asString.swift"; sourceTree = "<group>"; };
		6B050C7529A113C700498782 /* Int+asStringTests.swift */ = {isa = PBXFileReference; lastKnownFileType = sourcecode.swift; path = "Int+asStringTests.swift"; sourceTree = "<group>"; };
		6B050C7929A116B900498782 /* Double+asString.swift */ = {isa = PBXFileReference; lastKnownFileType = sourcecode.swift; path = "Double+asString.swift"; sourceTree = "<group>"; };
		6B050C7C29A116E100498782 /* Double+asStringTests.swift */ = {isa = PBXFileReference; lastKnownFileType = sourcecode.swift; path = "Double+asStringTests.swift"; sourceTree = "<group>"; };
		6B050C7F29A117BE00498782 /* Float+asString.swift */ = {isa = PBXFileReference; lastKnownFileType = sourcecode.swift; path = "Float+asString.swift"; sourceTree = "<group>"; };
		6B050C8229A117F100498782 /* Float+asStringTests.swift */ = {isa = PBXFileReference; lastKnownFileType = sourcecode.swift; path = "Float+asStringTests.swift"; sourceTree = "<group>"; };
		6B050C8529A11A6100498782 /* String+asInt.swift */ = {isa = PBXFileReference; lastKnownFileType = sourcecode.swift; path = "String+asInt.swift"; sourceTree = "<group>"; };
		6B050C8829A11B4E00498782 /* String+asIntTests.swift */ = {isa = PBXFileReference; lastKnownFileType = sourcecode.swift; path = "String+asIntTests.swift"; sourceTree = "<group>"; };
		6B050C8A29A1231600498782 /* String+asDouble.swift */ = {isa = PBXFileReference; lastKnownFileType = sourcecode.swift; path = "String+asDouble.swift"; sourceTree = "<group>"; };
		6B050C8C29A1231F00498782 /* String+asDoubleTests.swift */ = {isa = PBXFileReference; lastKnownFileType = sourcecode.swift; path = "String+asDoubleTests.swift"; sourceTree = "<group>"; };
		6B050C8F29A282B500498782 /* String+asFloat.swift */ = {isa = PBXFileReference; lastKnownFileType = sourcecode.swift; path = "String+asFloat.swift"; sourceTree = "<group>"; };
		6B050C9129A2835100498782 /* String+asFloatTests.swift */ = {isa = PBXFileReference; lastKnownFileType = sourcecode.swift; path = "String+asFloatTests.swift"; sourceTree = "<group>"; };
		6B231BF829A2FA06003AB518 /* Double+asInt.swift */ = {isa = PBXFileReference; lastKnownFileType = sourcecode.swift; path = "Double+asInt.swift"; sourceTree = "<group>"; };
		6B231BFA29A2FA6E003AB518 /* Double+asIntTests.swift */ = {isa = PBXFileReference; lastKnownFileType = sourcecode.swift; path = "Double+asIntTests.swift"; sourceTree = "<group>"; };
		6B231BFC29A2FD0D003AB518 /* Double+asFloat.swift */ = {isa = PBXFileReference; lastKnownFileType = sourcecode.swift; path = "Double+asFloat.swift"; sourceTree = "<group>"; };
		6B231BFE29A39A5B003AB518 /* Double+asFloatTests.swift */ = {isa = PBXFileReference; lastKnownFileType = sourcecode.swift; path = "Double+asFloatTests.swift"; sourceTree = "<group>"; };
		6B231C0029A39E7A003AB518 /* Int+asDouble.swift */ = {isa = PBXFileReference; lastKnownFileType = sourcecode.swift; path = "Int+asDouble.swift"; sourceTree = "<group>"; };
		6B231C0229A39EB8003AB518 /* Int+asDoubleTests.swift */ = {isa = PBXFileReference; lastKnownFileType = sourcecode.swift; path = "Int+asDoubleTests.swift"; sourceTree = "<group>"; };
		6B231C0429A3A386003AB518 /* Int+asFloat.swift */ = {isa = PBXFileReference; lastKnownFileType = sourcecode.swift; path = "Int+asFloat.swift"; sourceTree = "<group>"; };
		6B231C0629A3A3B1003AB518 /* Int+asFloatTests.swift */ = {isa = PBXFileReference; lastKnownFileType = sourcecode.swift; path = "Int+asFloatTests.swift"; sourceTree = "<group>"; };
		6B231C0829A3A455003AB518 /* Float+asDouble.swift */ = {isa = PBXFileReference; lastKnownFileType = sourcecode.swift; path = "Float+asDouble.swift"; sourceTree = "<group>"; };
		6B231C0A29A3A4A4003AB518 /* Float+asDoubleTests.swift */ = {isa = PBXFileReference; lastKnownFileType = sourcecode.swift; path = "Float+asDoubleTests.swift"; sourceTree = "<group>"; };
		6B231C0C29A3A5F0003AB518 /* Float+asInt.swift */ = {isa = PBXFileReference; lastKnownFileType = sourcecode.swift; path = "Float+asInt.swift"; sourceTree = "<group>"; };
		6B231C0E29A3A63B003AB518 /* Float+asIntTests.swift */ = {isa = PBXFileReference; lastKnownFileType = sourcecode.swift; path = "Float+asIntTests.swift"; sourceTree = "<group>"; };
		6B23F1B32A339327005CAE71 /* String+random.swift */ = {isa = PBXFileReference; lastKnownFileType = sourcecode.swift; path = "String+random.swift"; sourceTree = "<group>"; };
		6B23F1B52A339561005CAE71 /* String+randomTests.swift */ = {isa = PBXFileReference; lastKnownFileType = sourcecode.swift; path = "String+randomTests.swift"; sourceTree = "<group>"; };
		6B69353629A55E80003AC72D /* String+orEmpty.swift */ = {isa = PBXFileReference; lastKnownFileType = sourcecode.swift; path = "String+orEmpty.swift"; sourceTree = "<group>"; };
		6B69353829A55FD4003AC72D /* String+orEmptyTests.swift */ = {isa = PBXFileReference; lastKnownFileType = sourcecode.swift; path = "String+orEmptyTests.swift"; sourceTree = "<group>"; };
		6B69353A29A56149003AC72D /* Int+orZero.swift */ = {isa = PBXFileReference; lastKnownFileType = sourcecode.swift; path = "Int+orZero.swift"; sourceTree = "<group>"; };
		6B69353C29A5627E003AC72D /* Int+orZeroTests.swift */ = {isa = PBXFileReference; lastKnownFileType = sourcecode.swift; path = "Int+orZeroTests.swift"; sourceTree = "<group>"; };
		6B69353E29A56350003AC72D /* Float+orZero.swift */ = {isa = PBXFileReference; lastKnownFileType = sourcecode.swift; path = "Float+orZero.swift"; sourceTree = "<group>"; };
		6B69354029A56445003AC72D /* Float+orZeroTests.swift */ = {isa = PBXFileReference; lastKnownFileType = sourcecode.swift; path = "Float+orZeroTests.swift"; sourceTree = "<group>"; };
		6B69354229A5650F003AC72D /* Double+orZero.swift */ = {isa = PBXFileReference; lastKnownFileType = sourcecode.swift; path = "Double+orZero.swift"; sourceTree = "<group>"; };
		6B69354429A565C8003AC72D /* Double+orZeroTests.swift */ = {isa = PBXFileReference; lastKnownFileType = sourcecode.swift; path = "Double+orZeroTests.swift"; sourceTree = "<group>"; };
		6B69354629A569FE003AC72D /* String+onlyNumbers.swift */ = {isa = PBXFileReference; lastKnownFileType = sourcecode.swift; path = "String+onlyNumbers.swift"; sourceTree = "<group>"; };
		6B69354829A56AE1003AC72D /* String+onlyNumbers.swift */ = {isa = PBXFileReference; lastKnownFileType = sourcecode.swift; path = "String+onlyNumbers.swift"; sourceTree = "<group>"; };
		6B69354A29A56C31003AC72D /* String+removeNumbers.swift */ = {isa = PBXFileReference; lastKnownFileType = sourcecode.swift; path = "String+removeNumbers.swift"; sourceTree = "<group>"; };
		6B69354C29A56C67003AC72D /* String+removeNumbersTests.swift */ = {isa = PBXFileReference; lastKnownFileType = sourcecode.swift; path = "String+removeNumbersTests.swift"; sourceTree = "<group>"; };
/* End PBXFileReference section */

/* Begin PBXFrameworksBuildPhase section */
		6B050C5529A1108600498782 /* Frameworks */ = {
			isa = PBXFrameworksBuildPhase;
			buildActionMask = 2147483647;
			files = (
			);
			runOnlyForDeploymentPostprocessing = 0;
		};
		6B050C5F29A1108600498782 /* Frameworks */ = {
			isa = PBXFrameworksBuildPhase;
			buildActionMask = 2147483647;
			files = (
				6B050C6329A1108600498782 /* BasicsKit.framework in Frameworks */,
			);
			runOnlyForDeploymentPostprocessing = 0;
		};
/* End PBXFrameworksBuildPhase section */

/* Begin PBXGroup section */
		6B050C4E29A1108600498782 = {
			isa = PBXGroup;
			children = (
				6B050C5A29A1108600498782 /* BasicsKit */,
				6B050C6629A1108600498782 /* BasicsKitTests */,
				6B050C5929A1108600498782 /* Products */,
			);
			sourceTree = "<group>";
		};
		6B050C5929A1108600498782 /* Products */ = {
			isa = PBXGroup;
			children = (
				6B050C5829A1108600498782 /* BasicsKit.framework */,
				6B050C6229A1108600498782 /* BasicsKitTests.xctest */,
			);
			name = Products;
			sourceTree = "<group>";
		};
		6B050C5A29A1108600498782 /* BasicsKit */ = {
			isa = PBXGroup;
			children = (
				6B050C7829A116AA00498782 /* Double */,
				6B050C7E29A117AA00498782 /* Float */,
				6B050C7229A1136900498782 /* Int */,
				6B050C8429A11A3200498782 /* String */,
				6B050C5C29A1108600498782 /* BasicsKit.docc */,
				6B050C5B29A1108600498782 /* BasicsKit.h */,
			);
			path = BasicsKit;
			sourceTree = "<group>";
		};
		6B050C6629A1108600498782 /* BasicsKitTests */ = {
			isa = PBXGroup;
			children = (
				6B050C7B29A116CF00498782 /* Double */,
				6B050C8129A117DF00498782 /* Float */,
				6B050C7729A113CB00498782 /* Int */,
				6B050C8729A11B3300498782 /* String */,
			);
			path = BasicsKitTests;
			sourceTree = "<group>";
		};
		6B050C7229A1136900498782 /* Int */ = {
			isa = PBXGroup;
			children = (
				6B231C0029A39E7A003AB518 /* Int+asDouble.swift */,
				6B231C0429A3A386003AB518 /* Int+asFloat.swift */,
				6B050C7329A1138A00498782 /* Int+asString.swift */,
				6B69353A29A56149003AC72D /* Int+orZero.swift */,
				2DBB55772B193D1D00395026 /* Int+random.swift */,
			);
			path = Int;
			sourceTree = "<group>";
		};
		6B050C7729A113CB00498782 /* Int */ = {
			isa = PBXGroup;
			children = (
				6B231C0229A39EB8003AB518 /* Int+asDoubleTests.swift */,
				6B231C0629A3A3B1003AB518 /* Int+asFloatTests.swift */,
				6B050C7529A113C700498782 /* Int+asStringTests.swift */,
				6B69353C29A5627E003AC72D /* Int+orZeroTests.swift */,
				2DBB55792B1941E200395026 /* Int+randomTests.swift */,
			);
			path = Int;
			sourceTree = "<group>";
		};
		6B050C7829A116AA00498782 /* Double */ = {
			isa = PBXGroup;
			children = (
				6B231BFC29A2FD0D003AB518 /* Double+asFloat.swift */,
				6B231BF829A2FA06003AB518 /* Double+asInt.swift */,
				6B050C7929A116B900498782 /* Double+asString.swift */,
				6B69354229A5650F003AC72D /* Double+orZero.swift */,
			);
			path = Double;
			sourceTree = "<group>";
		};
		6B050C7B29A116CF00498782 /* Double */ = {
			isa = PBXGroup;
			children = (
				6B231BFE29A39A5B003AB518 /* Double+asFloatTests.swift */,
				6B231BFA29A2FA6E003AB518 /* Double+asIntTests.swift */,
				6B050C7C29A116E100498782 /* Double+asStringTests.swift */,
				6B69354429A565C8003AC72D /* Double+orZeroTests.swift */,
			);
			path = Double;
			sourceTree = "<group>";
		};
		6B050C7E29A117AA00498782 /* Float */ = {
			isa = PBXGroup;
			children = (
				6B231C0829A3A455003AB518 /* Float+asDouble.swift */,
				6B231C0C29A3A5F0003AB518 /* Float+asInt.swift */,
				6B050C7F29A117BE00498782 /* Float+asString.swift */,
				6B69353E29A56350003AC72D /* Float+orZero.swift */,
				2D9CB3342B1A2ADB003734C2 /* Float+random.swift */,
			);
			path = Float;
			sourceTree = "<group>";
		};
		6B050C8129A117DF00498782 /* Float */ = {
			isa = PBXGroup;
			children = (
				6B231C0A29A3A4A4003AB518 /* Float+asDoubleTests.swift */,
				6B231C0E29A3A63B003AB518 /* Float+asIntTests.swift */,
				6B050C8229A117F100498782 /* Float+asStringTests.swift */,
				6B69354029A56445003AC72D /* Float+orZeroTests.swift */,
				2D69DFB42B1B6EBF00A69B22 /* Float+randomTests.swift */,
			);
			path = Float;
			sourceTree = "<group>";
		};
		6B050C8429A11A3200498782 /* String */ = {
			isa = PBXGroup;
			children = (
				6B050C8A29A1231600498782 /* String+asDouble.swift */,
				6B050C8F29A282B500498782 /* String+asFloat.swift */,
				6B050C8529A11A6100498782 /* String+asInt.swift */,
				6B69354629A569FE003AC72D /* String+onlyNumbers.swift */,
				6B69353629A55E80003AC72D /* String+orEmpty.swift */,
				6B23F1B32A339327005CAE71 /* String+random.swift */,
				6B69354A29A56C31003AC72D /* String+removeNumbers.swift */,
			);
			path = String;
			sourceTree = "<group>";
		};
		6B050C8729A11B3300498782 /* String */ = {
			isa = PBXGroup;
			children = (
				6B050C8C29A1231F00498782 /* String+asDoubleTests.swift */,
				6B050C9129A2835100498782 /* String+asFloatTests.swift */,
				6B050C8829A11B4E00498782 /* String+asIntTests.swift */,
				6B69354829A56AE1003AC72D /* String+onlyNumbers.swift */,
				6B69353829A55FD4003AC72D /* String+orEmptyTests.swift */,
				6B23F1B52A339561005CAE71 /* String+randomTests.swift */,
				6B69354C29A56C67003AC72D /* String+removeNumbersTests.swift */,
			);
			path = String;
			sourceTree = "<group>";
		};
/* End PBXGroup section */

/* Begin PBXHeadersBuildPhase section */
		6B050C5329A1108600498782 /* Headers */ = {
			isa = PBXHeadersBuildPhase;
			buildActionMask = 2147483647;
			files = (
				6B050C6929A1108600498782 /* BasicsKit.h in Headers */,
			);
			runOnlyForDeploymentPostprocessing = 0;
		};
/* End PBXHeadersBuildPhase section */

/* Begin PBXNativeTarget section */
		6B050C5729A1108600498782 /* BasicsKit */ = {
			isa = PBXNativeTarget;
			buildConfigurationList = 6B050C6C29A1108600498782 /* Build configuration list for PBXNativeTarget "BasicsKit" */;
			buildPhases = (
				6B050C5329A1108600498782 /* Headers */,
				6B050C5429A1108600498782 /* Sources */,
				6B050C5529A1108600498782 /* Frameworks */,
				6B050C5629A1108600498782 /* Resources */,
			);
			buildRules = (
			);
			dependencies = (
			);
			name = BasicsKit;
			productName = BasicsKit;
			productReference = 6B050C5829A1108600498782 /* BasicsKit.framework */;
			productType = "com.apple.product-type.framework";
		};
		6B050C6129A1108600498782 /* BasicsKitTests */ = {
			isa = PBXNativeTarget;
			buildConfigurationList = 6B050C6F29A1108600498782 /* Build configuration list for PBXNativeTarget "BasicsKitTests" */;
			buildPhases = (
				6B050C5E29A1108600498782 /* Sources */,
				6B050C5F29A1108600498782 /* Frameworks */,
				6B050C6029A1108600498782 /* Resources */,
			);
			buildRules = (
			);
			dependencies = (
				6B050C6529A1108600498782 /* PBXTargetDependency */,
			);
			name = BasicsKitTests;
			productName = BasicsKitTests;
			productReference = 6B050C6229A1108600498782 /* BasicsKitTests.xctest */;
			productType = "com.apple.product-type.bundle.unit-test";
		};
/* End PBXNativeTarget section */

/* Begin PBXProject section */
		6B050C4F29A1108600498782 /* Project object */ = {
			isa = PBXProject;
			attributes = {
				BuildIndependentTargetsInParallel = 1;
				LastSwiftUpdateCheck = 1420;
				LastUpgradeCheck = 1420;
				TargetAttributes = {
					6B050C5729A1108600498782 = {
						CreatedOnToolsVersion = 14.2;
					};
					6B050C6129A1108600498782 = {
						CreatedOnToolsVersion = 14.2;
					};
				};
			};
			buildConfigurationList = 6B050C5229A1108600498782 /* Build configuration list for PBXProject "BasicsKit" */;
			compatibilityVersion = "Xcode 14.0";
			developmentRegion = en;
			hasScannedForEncodings = 0;
			knownRegions = (
				en,
				Base,
			);
			mainGroup = 6B050C4E29A1108600498782;
			productRefGroup = 6B050C5929A1108600498782 /* Products */;
			projectDirPath = "";
			projectRoot = "";
			targets = (
				6B050C5729A1108600498782 /* BasicsKit */,
				6B050C6129A1108600498782 /* BasicsKitTests */,
			);
		};
/* End PBXProject section */

/* Begin PBXResourcesBuildPhase section */
		6B050C5629A1108600498782 /* Resources */ = {
			isa = PBXResourcesBuildPhase;
			buildActionMask = 2147483647;
			files = (
			);
			runOnlyForDeploymentPostprocessing = 0;
		};
		6B050C6029A1108600498782 /* Resources */ = {
			isa = PBXResourcesBuildPhase;
			buildActionMask = 2147483647;
			files = (
			);
			runOnlyForDeploymentPostprocessing = 0;
		};
/* End PBXResourcesBuildPhase section */

/* Begin PBXSourcesBuildPhase section */
		6B050C5429A1108600498782 /* Sources */ = {
			isa = PBXSourcesBuildPhase;
			buildActionMask = 2147483647;
			files = (
				6B050C7429A1138A00498782 /* Int+asString.swift in Sources */,
				6B050C8629A11A6100498782 /* String+asInt.swift in Sources */,
				6B231C0129A39E7A003AB518 /* Int+asDouble.swift in Sources */,
				6B69353729A55E80003AC72D /* String+orEmpty.swift in Sources */,
				6B69354329A5650F003AC72D /* Double+orZero.swift in Sources */,
				6B231BF929A2FA06003AB518 /* Double+asInt.swift in Sources */,
				6B050C7A29A116B900498782 /* Double+asString.swift in Sources */,
				2D9CB3352B1A2ADB003734C2 /* Float+random.swift in Sources */,
				2DBB55782B193D1D00395026 /* Int+random.swift in Sources */,
				6B69354729A569FE003AC72D /* String+onlyNumbers.swift in Sources */,
				6B050C5D29A1108600498782 /* BasicsKit.docc in Sources */,
				6B231BFD29A2FD0D003AB518 /* Double+asFloat.swift in Sources */,
				6B69353B29A56149003AC72D /* Int+orZero.swift in Sources */,
				6B231C0D29A3A5F0003AB518 /* Float+asInt.swift in Sources */,
				6B050C8029A117BE00498782 /* Float+asString.swift in Sources */,
				6B23F1B42A339327005CAE71 /* String+random.swift in Sources */,
				6B050C9029A282B500498782 /* String+asFloat.swift in Sources */,
				6B231C0529A3A386003AB518 /* Int+asFloat.swift in Sources */,
				6B69354B29A56C31003AC72D /* String+removeNumbers.swift in Sources */,
				6B050C8B29A1231600498782 /* String+asDouble.swift in Sources */,
				6B231C0929A3A455003AB518 /* Float+asDouble.swift in Sources */,
				6B69353F29A56350003AC72D /* Float+orZero.swift in Sources */,
			);
			runOnlyForDeploymentPostprocessing = 0;
		};
		6B050C5E29A1108600498782 /* Sources */ = {
			isa = PBXSourcesBuildPhase;
			buildActionMask = 2147483647;
			files = (
				6B23F1B62A339561005CAE71 /* String+randomTests.swift in Sources */,
				6B050C8329A117F100498782 /* Float+asStringTests.swift in Sources */,
				2DBB557A2B1941E200395026 /* Int+randomTests.swift in Sources */,
				6B69354D29A56C67003AC72D /* String+removeNumbersTests.swift in Sources */,
				6B050C7629A113C700498782 /* Int+asStringTests.swift in Sources */,
				6B050C8D29A1231F00498782 /* String+asDoubleTests.swift in Sources */,
				6B69354929A56AE2003AC72D /* String+onlyNumbers.swift in Sources */,
				6B050C8929A11B4E00498782 /* String+asIntTests.swift in Sources */,
				6B231C0F29A3A63B003AB518 /* Float+asIntTests.swift in Sources */,
				6B231C0B29A3A4A4003AB518 /* Float+asDoubleTests.swift in Sources */,
				6B69354129A56445003AC72D /* Float+orZeroTests.swift in Sources */,
				6B050C7D29A116E100498782 /* Double+asStringTests.swift in Sources */,
				6B050C9229A2835100498782 /* String+asFloatTests.swift in Sources */,
				6B69353929A55FD4003AC72D /* String+orEmptyTests.swift in Sources */,
				6B231BFB29A2FA6E003AB518 /* Double+asIntTests.swift in Sources */,
				6B69353D29A5627E003AC72D /* Int+orZeroTests.swift in Sources */,
				2D69DFB52B1B6EBF00A69B22 /* Float+randomTests.swift in Sources */,
				6B231BFF29A39A5B003AB518 /* Double+asFloatTests.swift in Sources */,
				6B69354529A565C8003AC72D /* Double+orZeroTests.swift in Sources */,
				6B231C0729A3A3B1003AB518 /* Int+asFloatTests.swift in Sources */,
				6B231C0329A39EB8003AB518 /* Int+asDoubleTests.swift in Sources */,
			);
			runOnlyForDeploymentPostprocessing = 0;
		};
/* End PBXSourcesBuildPhase section */

/* Begin PBXTargetDependency section */
		6B050C6529A1108600498782 /* PBXTargetDependency */ = {
			isa = PBXTargetDependency;
			target = 6B050C5729A1108600498782 /* BasicsKit */;
			targetProxy = 6B050C6429A1108600498782 /* PBXContainerItemProxy */;
		};
/* End PBXTargetDependency section */

/* Begin XCBuildConfiguration section */
		6B050C6A29A1108600498782 /* Debug */ = {
			isa = XCBuildConfiguration;
			buildSettings = {
				ALWAYS_SEARCH_USER_PATHS = NO;
				CLANG_ANALYZER_NONNULL = YES;
				CLANG_ANALYZER_NUMBER_OBJECT_CONVERSION = YES_AGGRESSIVE;
				CLANG_CXX_LANGUAGE_STANDARD = "gnu++20";
				CLANG_ENABLE_MODULES = YES;
				CLANG_ENABLE_OBJC_ARC = YES;
				CLANG_ENABLE_OBJC_WEAK = YES;
				CLANG_WARN_BLOCK_CAPTURE_AUTORELEASING = YES;
				CLANG_WARN_BOOL_CONVERSION = YES;
				CLANG_WARN_COMMA = YES;
				CLANG_WARN_CONSTANT_CONVERSION = YES;
				CLANG_WARN_DEPRECATED_OBJC_IMPLEMENTATIONS = YES;
				CLANG_WARN_DIRECT_OBJC_ISA_USAGE = YES_ERROR;
				CLANG_WARN_DOCUMENTATION_COMMENTS = YES;
				CLANG_WARN_EMPTY_BODY = YES;
				CLANG_WARN_ENUM_CONVERSION = YES;
				CLANG_WARN_INFINITE_RECURSION = YES;
				CLANG_WARN_INT_CONVERSION = YES;
				CLANG_WARN_NON_LITERAL_NULL_CONVERSION = YES;
				CLANG_WARN_OBJC_IMPLICIT_RETAIN_SELF = YES;
				CLANG_WARN_OBJC_LITERAL_CONVERSION = YES;
				CLANG_WARN_OBJC_ROOT_CLASS = YES_ERROR;
				CLANG_WARN_QUOTED_INCLUDE_IN_FRAMEWORK_HEADER = YES;
				CLANG_WARN_RANGE_LOOP_ANALYSIS = YES;
				CLANG_WARN_STRICT_PROTOTYPES = YES;
				CLANG_WARN_SUSPICIOUS_MOVE = YES;
				CLANG_WARN_UNGUARDED_AVAILABILITY = YES_AGGRESSIVE;
				CLANG_WARN_UNREACHABLE_CODE = YES;
				CLANG_WARN__DUPLICATE_METHOD_MATCH = YES;
				COPY_PHASE_STRIP = NO;
				CURRENT_PROJECT_VERSION = 1;
				DEBUG_INFORMATION_FORMAT = dwarf;
				ENABLE_STRICT_OBJC_MSGSEND = YES;
				ENABLE_TESTABILITY = YES;
				GCC_C_LANGUAGE_STANDARD = gnu11;
				GCC_DYNAMIC_NO_PIC = NO;
				GCC_NO_COMMON_BLOCKS = YES;
				GCC_OPTIMIZATION_LEVEL = 0;
				GCC_PREPROCESSOR_DEFINITIONS = (
					"DEBUG=1",
					"$(inherited)",
				);
				GCC_WARN_64_TO_32_BIT_CONVERSION = YES;
				GCC_WARN_ABOUT_RETURN_TYPE = YES_ERROR;
				GCC_WARN_UNDECLARED_SELECTOR = YES;
				GCC_WARN_UNINITIALIZED_AUTOS = YES_AGGRESSIVE;
				GCC_WARN_UNUSED_FUNCTION = YES;
				GCC_WARN_UNUSED_VARIABLE = YES;
				IPHONEOS_DEPLOYMENT_TARGET = 16.2;
				MTL_ENABLE_DEBUG_INFO = INCLUDE_SOURCE;
				MTL_FAST_MATH = YES;
				ONLY_ACTIVE_ARCH = YES;
				SDKROOT = iphoneos;
				SWIFT_ACTIVE_COMPILATION_CONDITIONS = DEBUG;
				SWIFT_OPTIMIZATION_LEVEL = "-Onone";
				VERSIONING_SYSTEM = "apple-generic";
				VERSION_INFO_PREFIX = "";
			};
			name = Debug;
		};
		6B050C6B29A1108600498782 /* Release */ = {
			isa = XCBuildConfiguration;
			buildSettings = {
				ALWAYS_SEARCH_USER_PATHS = NO;
				CLANG_ANALYZER_NONNULL = YES;
				CLANG_ANALYZER_NUMBER_OBJECT_CONVERSION = YES_AGGRESSIVE;
				CLANG_CXX_LANGUAGE_STANDARD = "gnu++20";
				CLANG_ENABLE_MODULES = YES;
				CLANG_ENABLE_OBJC_ARC = YES;
				CLANG_ENABLE_OBJC_WEAK = YES;
				CLANG_WARN_BLOCK_CAPTURE_AUTORELEASING = YES;
				CLANG_WARN_BOOL_CONVERSION = YES;
				CLANG_WARN_COMMA = YES;
				CLANG_WARN_CONSTANT_CONVERSION = YES;
				CLANG_WARN_DEPRECATED_OBJC_IMPLEMENTATIONS = YES;
				CLANG_WARN_DIRECT_OBJC_ISA_USAGE = YES_ERROR;
				CLANG_WARN_DOCUMENTATION_COMMENTS = YES;
				CLANG_WARN_EMPTY_BODY = YES;
				CLANG_WARN_ENUM_CONVERSION = YES;
				CLANG_WARN_INFINITE_RECURSION = YES;
				CLANG_WARN_INT_CONVERSION = YES;
				CLANG_WARN_NON_LITERAL_NULL_CONVERSION = YES;
				CLANG_WARN_OBJC_IMPLICIT_RETAIN_SELF = YES;
				CLANG_WARN_OBJC_LITERAL_CONVERSION = YES;
				CLANG_WARN_OBJC_ROOT_CLASS = YES_ERROR;
				CLANG_WARN_QUOTED_INCLUDE_IN_FRAMEWORK_HEADER = YES;
				CLANG_WARN_RANGE_LOOP_ANALYSIS = YES;
				CLANG_WARN_STRICT_PROTOTYPES = YES;
				CLANG_WARN_SUSPICIOUS_MOVE = YES;
				CLANG_WARN_UNGUARDED_AVAILABILITY = YES_AGGRESSIVE;
				CLANG_WARN_UNREACHABLE_CODE = YES;
				CLANG_WARN__DUPLICATE_METHOD_MATCH = YES;
				COPY_PHASE_STRIP = NO;
				CURRENT_PROJECT_VERSION = 1;
				DEBUG_INFORMATION_FORMAT = "dwarf-with-dsym";
				ENABLE_NS_ASSERTIONS = NO;
				ENABLE_STRICT_OBJC_MSGSEND = YES;
				GCC_C_LANGUAGE_STANDARD = gnu11;
				GCC_NO_COMMON_BLOCKS = YES;
				GCC_WARN_64_TO_32_BIT_CONVERSION = YES;
				GCC_WARN_ABOUT_RETURN_TYPE = YES_ERROR;
				GCC_WARN_UNDECLARED_SELECTOR = YES;
				GCC_WARN_UNINITIALIZED_AUTOS = YES_AGGRESSIVE;
				GCC_WARN_UNUSED_FUNCTION = YES;
				GCC_WARN_UNUSED_VARIABLE = YES;
				IPHONEOS_DEPLOYMENT_TARGET = 16.2;
				MTL_ENABLE_DEBUG_INFO = NO;
				MTL_FAST_MATH = YES;
				SDKROOT = iphoneos;
				SWIFT_COMPILATION_MODE = wholemodule;
				SWIFT_OPTIMIZATION_LEVEL = "-O";
				VALIDATE_PRODUCT = YES;
				VERSIONING_SYSTEM = "apple-generic";
				VERSION_INFO_PREFIX = "";
			};
			name = Release;
		};
		6B050C6D29A1108600498782 /* Debug */ = {
			isa = XCBuildConfiguration;
			buildSettings = {
				CODE_SIGN_STYLE = Automatic;
				CURRENT_PROJECT_VERSION = 1;
				DEFINES_MODULE = YES;
				DEVELOPMENT_TEAM = UBWQ9S7Q94;
				DYLIB_COMPATIBILITY_VERSION = 1;
				DYLIB_CURRENT_VERSION = 1;
				DYLIB_INSTALL_NAME_BASE = "@rpath";
				GENERATE_INFOPLIST_FILE = YES;
				INFOPLIST_KEY_NSHumanReadableCopyright = "";
				INSTALL_PATH = "$(LOCAL_LIBRARY_DIR)/Frameworks";
				IPHONEOS_DEPLOYMENT_TARGET = 12.4;
				LD_RUNPATH_SEARCH_PATHS = (
					"$(inherited)",
					"@executable_path/Frameworks",
					"@loader_path/Frameworks",
				);
				MARKETING_VERSION = 1.0;
				PRODUCT_BUNDLE_IDENTIFIER = br.com.joseneves.BasicsKit;
				PRODUCT_NAME = "$(TARGET_NAME:c99extidentifier)";
				SKIP_INSTALL = YES;
				SWIFT_EMIT_LOC_STRINGS = YES;
				SWIFT_VERSION = 5.0;
				TARGETED_DEVICE_FAMILY = "1,2";
			};
			name = Debug;
		};
		6B050C6E29A1108600498782 /* Release */ = {
			isa = XCBuildConfiguration;
			buildSettings = {
				CODE_SIGN_STYLE = Automatic;
				CURRENT_PROJECT_VERSION = 1;
				DEFINES_MODULE = YES;
				DEVELOPMENT_TEAM = UBWQ9S7Q94;
				DYLIB_COMPATIBILITY_VERSION = 1;
				DYLIB_CURRENT_VERSION = 1;
				DYLIB_INSTALL_NAME_BASE = "@rpath";
				GENERATE_INFOPLIST_FILE = YES;
				INFOPLIST_KEY_NSHumanReadableCopyright = "";
				INSTALL_PATH = "$(LOCAL_LIBRARY_DIR)/Frameworks";
				IPHONEOS_DEPLOYMENT_TARGET = 12.4;
				LD_RUNPATH_SEARCH_PATHS = (
					"$(inherited)",
					"@executable_path/Frameworks",
					"@loader_path/Frameworks",
				);
				MARKETING_VERSION = 1.0;
				PRODUCT_BUNDLE_IDENTIFIER = br.com.joseneves.BasicsKit;
				PRODUCT_NAME = "$(TARGET_NAME:c99extidentifier)";
				SKIP_INSTALL = YES;
				SWIFT_EMIT_LOC_STRINGS = YES;
				SWIFT_VERSION = 5.0;
				TARGETED_DEVICE_FAMILY = "1,2";
			};
			name = Release;
		};
		6B050C7029A1108600498782 /* Debug */ = {
			isa = XCBuildConfiguration;
			buildSettings = {
				ALWAYS_EMBED_SWIFT_STANDARD_LIBRARIES = YES;
				CODE_SIGN_STYLE = Automatic;
				CURRENT_PROJECT_VERSION = 1;
				DEVELOPMENT_TEAM = UBWQ9S7Q94;
				GENERATE_INFOPLIST_FILE = YES;
				IPHONEOS_DEPLOYMENT_TARGET = 12.4;
				MARKETING_VERSION = 1.0;
				PRODUCT_BUNDLE_IDENTIFIER = br.com.joseneves.BasicsKitTests;
				PRODUCT_NAME = "$(TARGET_NAME)";
				SWIFT_EMIT_LOC_STRINGS = NO;
				SWIFT_VERSION = 5.0;
				TARGETED_DEVICE_FAMILY = "1,2";
			};
			name = Debug;
		};
		6B050C7129A1108600498782 /* Release */ = {
			isa = XCBuildConfiguration;
			buildSettings = {
				ALWAYS_EMBED_SWIFT_STANDARD_LIBRARIES = YES;
				CODE_SIGN_STYLE = Automatic;
				CURRENT_PROJECT_VERSION = 1;
				DEVELOPMENT_TEAM = UBWQ9S7Q94;
				GENERATE_INFOPLIST_FILE = YES;
				IPHONEOS_DEPLOYMENT_TARGET = 12.4;
				MARKETING_VERSION = 1.0;
				PRODUCT_BUNDLE_IDENTIFIER = br.com.joseneves.BasicsKitTests;
				PRODUCT_NAME = "$(TARGET_NAME)";
				SWIFT_EMIT_LOC_STRINGS = NO;
				SWIFT_VERSION = 5.0;
				TARGETED_DEVICE_FAMILY = "1,2";
			};
			name = Release;
		};
/* End XCBuildConfiguration section */

/* Begin XCConfigurationList section */
		6B050C5229A1108600498782 /* Build configuration list for PBXProject "BasicsKit" */ = {
			isa = XCConfigurationList;
			buildConfigurations = (
				6B050C6A29A1108600498782 /* Debug */,
				6B050C6B29A1108600498782 /* Release */,
			);
			defaultConfigurationIsVisible = 0;
			defaultConfigurationName = Release;
		};
		6B050C6C29A1108600498782 /* Build configuration list for PBXNativeTarget "BasicsKit" */ = {
			isa = XCConfigurationList;
			buildConfigurations = (
				6B050C6D29A1108600498782 /* Debug */,
				6B050C6E29A1108600498782 /* Release */,
			);
			defaultConfigurationIsVisible = 0;
			defaultConfigurationName = Release;
		};
		6B050C6F29A1108600498782 /* Build configuration list for PBXNativeTarget "BasicsKitTests" */ = {
			isa = XCConfigurationList;
			buildConfigurations = (
				6B050C7029A1108600498782 /* Debug */,
				6B050C7129A1108600498782 /* Release */,
			);
			defaultConfigurationIsVisible = 0;
			defaultConfigurationName = Release;
		};
/* End XCConfigurationList section */
	};
	rootObject = 6B050C4F29A1108600498782 /* Project object */;
}
